
Microsoft Visual Studio Solution File, Format Version 12.00
# Visual Studio Version 17
VisualStudioVersion = 17.8.34322.80
MinimumVisualStudioVersion = 10.0.40219.1
Project("{FAE04EC0-301F-11D3-BF4B-00C04F79EFBC}") = "GeometricShape", "GeometricShape.csproj", "{2A785D30-85B7-4B7F-836F-77C00B294690}"
EndProject
Global
	GlobalSection(SolutionConfigurationPlatforms) = preSolution
		Debug|Any CPU = Debug|Any CPU
		Release|Any CPU = Release|Any CPU
	EndGlobalSection
	GlobalSection(ProjectConfigurationPlatforms) = postSolution
		{2A785D30-85B7-4B7F-836F-77C00B294690}.Debug|Any CPU.ActiveCfg = Debug|Any CPU
		{2A785D30-85B7-4B7F-836F-77C00B294690}.Debug|Any CPU.Build.0 = Debug|Any CPU
		{2A785D30-85B7-4B7F-836F-77C00B294690}.Release|Any CPU.ActiveCfg = Release|Any CPU
		{2A785D30-85B7-4B7F-836F-77C00B294690}.Release|Any CPU.Build.0 = Release|Any CPU
	EndGlobalSection
	GlobalSection(SolutionProperties) = preSolution
		HideSolutionNode = FALSE
	EndGlobalSection
	GlobalSection(ExtensibilityGlobals) = postSolution
		SolutionGuid = {320064E3-3EB9-4E80-A033-704912F32C6F}
	EndGlobalSection
EndGlobal
